// !$*UTF8*$!
{
	archiveVersion = 1;
	classes = {
	};
	objectVersion = 56;
	objects = {

/* Begin PBXBuildFile section */
		87F5A3DC293F2F060029D2D8 /* NavigationSpikeApp.swift in Sources */ = {isa = PBXBuildFile; fileRef = 87F5A3DB293F2F060029D2D8 /* NavigationSpikeApp.swift */; };
		87F5A3DE293F2F060029D2D8 /* ContentView.swift in Sources */ = {isa = PBXBuildFile; fileRef = 87F5A3DD293F2F060029D2D8 /* ContentView.swift */; };
		87F5A3E0293F2F070029D2D8 /* Assets.xcassets in Resources */ = {isa = PBXBuildFile; fileRef = 87F5A3DF293F2F070029D2D8 /* Assets.xcassets */; };
		87F5A3E3293F2F070029D2D8 /* Preview Assets.xcassets in Resources */ = {isa = PBXBuildFile; fileRef = 87F5A3E2293F2F070029D2D8 /* Preview Assets.xcassets */; };
		87F5A3ED293F2F070029D2D8 /* NavigationSpikeTests.swift in Sources */ = {isa = PBXBuildFile; fileRef = 87F5A3EC293F2F070029D2D8 /* NavigationSpikeTests.swift */; };
		87F5A3F7293F2F070029D2D8 /* NavigationSpikeUITests.swift in Sources */ = {isa = PBXBuildFile; fileRef = 87F5A3F6293F2F070029D2D8 /* NavigationSpikeUITests.swift */; };
		87F5A3F9293F2F070029D2D8 /* NavigationSpikeUITestsLaunchTests.swift in Sources */ = {isa = PBXBuildFile; fileRef = 87F5A3F8293F2F070029D2D8 /* NavigationSpikeUITestsLaunchTests.swift */; };
		87F5A408293F2F800029D2D8 /* HomeView.swift in Sources */ = {isa = PBXBuildFile; fileRef = 87F5A407293F2F800029D2D8 /* HomeView.swift */; };
		87F5A40A293F2F920029D2D8 /* LaunchView.swift in Sources */ = {isa = PBXBuildFile; fileRef = 87F5A409293F2F920029D2D8 /* LaunchView.swift */; };
		87F5A40C293F2FA10029D2D8 /* RunListView.swift in Sources */ = {isa = PBXBuildFile; fileRef = 87F5A40B293F2FA10029D2D8 /* RunListView.swift */; };
		87F5A414293F306A0029D2D8 /* Navigator.swift in Sources */ = {isa = PBXBuildFile; fileRef = 87F5A413293F306A0029D2D8 /* Navigator.swift */; };
		87F5A417293F31E90029D2D8 /* Run.swift in Sources */ = {isa = PBXBuildFile; fileRef = 87F5A416293F31E90029D2D8 /* Run.swift */; };
		87F5A419293F322A0029D2D8 /* RunDetailView.swift in Sources */ = {isa = PBXBuildFile; fileRef = 87F5A418293F322A0029D2D8 /* RunDetailView.swift */; };
		87F5A41B293F44640029D2D8 /* LandingView.swift in Sources */ = {isa = PBXBuildFile; fileRef = 87F5A41A293F44640029D2D8 /* LandingView.swift */; };
/* End PBXBuildFile section */

/* Begin PBXContainerItemProxy section */
		87F5A3E9293F2F070029D2D8 /* PBXContainerItemProxy */ = {
			isa = PBXContainerItemProxy;
			containerPortal = 87F5A3D0293F2F060029D2D8 /* Project object */;
			proxyType = 1;
			remoteGlobalIDString = 87F5A3D7293F2F060029D2D8;
			remoteInfo = NavigationSpike;
		};
		87F5A3F3293F2F070029D2D8 /* PBXContainerItemProxy */ = {
			isa = PBXContainerItemProxy;
			containerPortal = 87F5A3D0293F2F060029D2D8 /* Project object */;
			proxyType = 1;
			remoteGlobalIDString = 87F5A3D7293F2F060029D2D8;
			remoteInfo = NavigationSpike;
		};
/* End PBXContainerItemProxy section */

/* Begin PBXFileReference section */
		87F5A3D8293F2F060029D2D8 /* NavigationSpike.app */ = {isa = PBXFileReference; explicitFileType = wrapper.application; includeInIndex = 0; path = NavigationSpike.app; sourceTree = BUILT_PRODUCTS_DIR; };
		87F5A3DB293F2F060029D2D8 /* NavigationSpikeApp.swift */ = {isa = PBXFileReference; lastKnownFileType = sourcecode.swift; path = NavigationSpikeApp.swift; sourceTree = "<group>"; };
		87F5A3DD293F2F060029D2D8 /* ContentView.swift */ = {isa = PBXFileReference; lastKnownFileType = sourcecode.swift; path = ContentView.swift; sourceTree = "<group>"; };
		87F5A3DF293F2F070029D2D8 /* Assets.xcassets */ = {isa = PBXFileReference; lastKnownFileType = folder.assetcatalog; path = Assets.xcassets; sourceTree = "<group>"; };
		87F5A3E2293F2F070029D2D8 /* Preview Assets.xcassets */ = {isa = PBXFileReference; lastKnownFileType = folder.assetcatalog; path = "Preview Assets.xcassets"; sourceTree = "<group>"; };
		87F5A3E8293F2F070029D2D8 /* NavigationSpikeTests.xctest */ = {isa = PBXFileReference; explicitFileType = wrapper.cfbundle; includeInIndex = 0; path = NavigationSpikeTests.xctest; sourceTree = BUILT_PRODUCTS_DIR; };
		87F5A3EC293F2F070029D2D8 /* NavigationSpikeTests.swift */ = {isa = PBXFileReference; lastKnownFileType = sourcecode.swift; path = NavigationSpikeTests.swift; sourceTree = "<group>"; };
		87F5A3F2293F2F070029D2D8 /* NavigationSpikeUITests.xctest */ = {isa = PBXFileReference; explicitFileType = wrapper.cfbundle; includeInIndex = 0; path = NavigationSpikeUITests.xctest; sourceTree = BUILT_PRODUCTS_DIR; };
		87F5A3F6293F2F070029D2D8 /* NavigationSpikeUITests.swift */ = {isa = PBXFileReference; lastKnownFileType = sourcecode.swift; path = NavigationSpikeUITests.swift; sourceTree = "<group>"; };
		87F5A3F8293F2F070029D2D8 /* NavigationSpikeUITestsLaunchTests.swift */ = {isa = PBXFileReference; lastKnownFileType = sourcecode.swift; path = NavigationSpikeUITestsLaunchTests.swift; sourceTree = "<group>"; };
		87F5A407293F2F800029D2D8 /* HomeView.swift */ = {isa = PBXFileReference; lastKnownFileType = sourcecode.swift; path = HomeView.swift; sourceTree = "<group>"; };
		87F5A409293F2F920029D2D8 /* LaunchView.swift */ = {isa = PBXFileReference; lastKnownFileType = sourcecode.swift; path = LaunchView.swift; sourceTree = "<group>"; };
		87F5A40B293F2FA10029D2D8 /* RunListView.swift */ = {isa = PBXFileReference; lastKnownFileType = sourcecode.swift; path = RunListView.swift; sourceTree = "<group>"; };
		87F5A413293F306A0029D2D8 /* Navigator.swift */ = {isa = PBXFileReference; lastKnownFileType = sourcecode.swift; path = Navigator.swift; sourceTree = "<group>"; };
		87F5A416293F31E90029D2D8 /* Run.swift */ = {isa = PBXFileReference; lastKnownFileType = sourcecode.swift; path = Run.swift; sourceTree = "<group>"; };
		87F5A418293F322A0029D2D8 /* RunDetailView.swift */ = {isa = PBXFileReference; lastKnownFileType = sourcecode.swift; path = RunDetailView.swift; sourceTree = "<group>"; };
		87F5A41A293F44640029D2D8 /* LandingView.swift */ = {isa = PBXFileReference; lastKnownFileType = sourcecode.swift; path = LandingView.swift; sourceTree = "<group>"; };
/* End PBXFileReference section */

/* Begin PBXFrameworksBuildPhase section */
		87F5A3D5293F2F060029D2D8 /* Frameworks */ = {
			isa = PBXFrameworksBuildPhase;
			buildActionMask = 2147483647;
			files = (
			);
			runOnlyForDeploymentPostprocessing = 0;
		};
		87F5A3E5293F2F070029D2D8 /* Frameworks */ = {
			isa = PBXFrameworksBuildPhase;
			buildActionMask = 2147483647;
			files = (
			);
			runOnlyForDeploymentPostprocessing = 0;
		};
		87F5A3EF293F2F070029D2D8 /* Frameworks */ = {
			isa = PBXFrameworksBuildPhase;
			buildActionMask = 2147483647;
			files = (
			);
			runOnlyForDeploymentPostprocessing = 0;
		};
/* End PBXFrameworksBuildPhase section */

/* Begin PBXGroup section */
		87F5A3CF293F2F060029D2D8 = {
			isa = PBXGroup;
			children = (
				87F5A3DA293F2F060029D2D8 /* NavigationSpike */,
				87F5A3EB293F2F070029D2D8 /* NavigationSpikeTests */,
				87F5A3F5293F2F070029D2D8 /* NavigationSpikeUITests */,
				87F5A3D9293F2F060029D2D8 /* Products */,
			);
			sourceTree = "<group>";
		};
		87F5A3D9293F2F060029D2D8 /* Products */ = {
			isa = PBXGroup;
			children = (
				87F5A3D8293F2F060029D2D8 /* NavigationSpike.app */,
				87F5A3E8293F2F070029D2D8 /* NavigationSpikeTests.xctest */,
				87F5A3F2293F2F070029D2D8 /* NavigationSpikeUITests.xctest */,
			);
			name = Products;
			sourceTree = "<group>";
		};
		87F5A3DA293F2F060029D2D8 /* NavigationSpike */ = {
			isa = PBXGroup;
			children = (
				87F5A3DB293F2F060029D2D8 /* NavigationSpikeApp.swift */,
				87F5A3DD293F2F060029D2D8 /* ContentView.swift */,
				87F5A413293F306A0029D2D8 /* Navigator.swift */,
				87F5A409293F2F920029D2D8 /* LaunchView.swift */,
				87F5A41A293F44640029D2D8 /* LandingView.swift */,
				87F5A407293F2F800029D2D8 /* HomeView.swift */,
				87F5A415293F31AF0029D2D8 /* Data */,
				87F5A412293F2FEF0029D2D8 /* Run */,
				87F5A3DF293F2F070029D2D8 /* Assets.xcassets */,
				87F5A3E1293F2F070029D2D8 /* Preview Content */,
			);
			path = NavigationSpike;
			sourceTree = "<group>";
		};
		87F5A3E1293F2F070029D2D8 /* Preview Content */ = {
			isa = PBXGroup;
			children = (
				87F5A3E2293F2F070029D2D8 /* Preview Assets.xcassets */,
			);
			path = "Preview Content";
			sourceTree = "<group>";
		};
		87F5A3EB293F2F070029D2D8 /* NavigationSpikeTests */ = {
			isa = PBXGroup;
			children = (
				87F5A3EC293F2F070029D2D8 /* NavigationSpikeTests.swift */,
			);
			path = NavigationSpikeTests;
			sourceTree = "<group>";
		};
		87F5A3F5293F2F070029D2D8 /* NavigationSpikeUITests */ = {
			isa = PBXGroup;
			children = (
				87F5A3F6293F2F070029D2D8 /* NavigationSpikeUITests.swift */,
				87F5A3F8293F2F070029D2D8 /* NavigationSpikeUITestsLaunchTests.swift */,
			);
			path = NavigationSpikeUITests;
			sourceTree = "<group>";
		};
		87F5A412293F2FEF0029D2D8 /* Run */ = {
			isa = PBXGroup;
			children = (
				87F5A40B293F2FA10029D2D8 /* RunListView.swift */,
				87F5A418293F322A0029D2D8 /* RunDetailView.swift */,
			);
			path = Run;
			sourceTree = "<group>";
		};
		87F5A415293F31AF0029D2D8 /* Data */ = {
			isa = PBXGroup;
			children = (
				87F5A416293F31E90029D2D8 /* Run.swift */,
			);
			path = Data;
			sourceTree = "<group>";
		};
/* End PBXGroup section */

/* Begin PBXNativeTarget section */
		87F5A3D7293F2F060029D2D8 /* NavigationSpike */ = {
			isa = PBXNativeTarget;
			buildConfigurationList = 87F5A3FC293F2F070029D2D8 /* Build configuration list for PBXNativeTarget "NavigationSpike" */;
			buildPhases = (
				87F5A3D4293F2F060029D2D8 /* Sources */,
				87F5A3D5293F2F060029D2D8 /* Frameworks */,
				87F5A3D6293F2F060029D2D8 /* Resources */,
			);
			buildRules = (
			);
			dependencies = (
			);
			name = NavigationSpike;
			productName = NavigationSpike;
			productReference = 87F5A3D8293F2F060029D2D8 /* NavigationSpike.app */;
			productType = "com.apple.product-type.application";
		};
		87F5A3E7293F2F070029D2D8 /* NavigationSpikeTests */ = {
			isa = PBXNativeTarget;
			buildConfigurationList = 87F5A3FF293F2F070029D2D8 /* Build configuration list for PBXNativeTarget "NavigationSpikeTests" */;
			buildPhases = (
				87F5A3E4293F2F070029D2D8 /* Sources */,
				87F5A3E5293F2F070029D2D8 /* Frameworks */,
				87F5A3E6293F2F070029D2D8 /* Resources */,
			);
			buildRules = (
			);
			dependencies = (
				87F5A3EA293F2F070029D2D8 /* PBXTargetDependency */,
			);
			name = NavigationSpikeTests;
			productName = NavigationSpikeTests;
			productReference = 87F5A3E8293F2F070029D2D8 /* NavigationSpikeTests.xctest */;
			productType = "com.apple.product-type.bundle.unit-test";
		};
		87F5A3F1293F2F070029D2D8 /* NavigationSpikeUITests */ = {
			isa = PBXNativeTarget;
			buildConfigurationList = 87F5A402293F2F070029D2D8 /* Build configuration list for PBXNativeTarget "NavigationSpikeUITests" */;
			buildPhases = (
				87F5A3EE293F2F070029D2D8 /* Sources */,
				87F5A3EF293F2F070029D2D8 /* Frameworks */,
				87F5A3F0293F2F070029D2D8 /* Resources */,
			);
			buildRules = (
			);
			dependencies = (
				87F5A3F4293F2F070029D2D8 /* PBXTargetDependency */,
			);
			name = NavigationSpikeUITests;
			productName = NavigationSpikeUITests;
			productReference = 87F5A3F2293F2F070029D2D8 /* NavigationSpikeUITests.xctest */;
			productType = "com.apple.product-type.bundle.ui-testing";
		};
/* End PBXNativeTarget section */

/* Begin PBXProject section */
		87F5A3D0293F2F060029D2D8 /* Project object */ = {
			isa = PBXProject;
			attributes = {
				BuildIndependentTargetsInParallel = 1;
				LastSwiftUpdateCheck = 1410;
				LastUpgradeCheck = 1410;
				TargetAttributes = {
					87F5A3D7293F2F060029D2D8 = {
						CreatedOnToolsVersion = 14.1;
					};
					87F5A3E7293F2F070029D2D8 = {
						CreatedOnToolsVersion = 14.1;
						TestTargetID = 87F5A3D7293F2F060029D2D8;
					};
					87F5A3F1293F2F070029D2D8 = {
						CreatedOnToolsVersion = 14.1;
						TestTargetID = 87F5A3D7293F2F060029D2D8;
					};
				};
			};
			buildConfigurationList = 87F5A3D3293F2F060029D2D8 /* Build configuration list for PBXProject "NavigationSpike" */;
			compatibilityVersion = "Xcode 14.0";
			developmentRegion = en;
			hasScannedForEncodings = 0;
			knownRegions = (
				en,
				Base,
			);
			mainGroup = 87F5A3CF293F2F060029D2D8;
			productRefGroup = 87F5A3D9293F2F060029D2D8 /* Products */;
			projectDirPath = "";
			projectRoot = "";
			targets = (
				87F5A3D7293F2F060029D2D8 /* NavigationSpike */,
				87F5A3E7293F2F070029D2D8 /* NavigationSpikeTests */,
				87F5A3F1293F2F070029D2D8 /* NavigationSpikeUITests */,
			);
		};
/* End PBXProject section */

/* Begin PBXResourcesBuildPhase section */
		87F5A3D6293F2F060029D2D8 /* Resources */ = {
			isa = PBXResourcesBuildPhase;
			buildActionMask = 2147483647;
			files = (
				87F5A3E3293F2F070029D2D8 /* Preview Assets.xcassets in Resources */,
				87F5A3E0293F2F070029D2D8 /* Assets.xcassets in Resources */,
			);
			runOnlyForDeploymentPostprocessing = 0;
		};
		87F5A3E6293F2F070029D2D8 /* Resources */ = {
			isa = PBXResourcesBuildPhase;
			buildActionMask = 2147483647;
			files = (
			);
			runOnlyForDeploymentPostprocessing = 0;
		};
		87F5A3F0293F2F070029D2D8 /* Resources */ = {
			isa = PBXResourcesBuildPhase;
			buildActionMask = 2147483647;
			files = (
			);
			runOnlyForDeploymentPostprocessing = 0;
		};
/* End PBXResourcesBuildPhase section */

/* Begin PBXSourcesBuildPhase section */
		87F5A3D4293F2F060029D2D8 /* Sources */ = {
			isa = PBXSourcesBuildPhase;
			buildActionMask = 2147483647;
			files = (
				87F5A41B293F44640029D2D8 /* LandingView.swift in Sources */,
				87F5A419293F322A0029D2D8 /* RunDetailView.swift in Sources */,
				87F5A3DE293F2F060029D2D8 /* ContentView.swift in Sources */,
				87F5A414293F306A0029D2D8 /* Navigator.swift in Sources */,
				87F5A417293F31E90029D2D8 /* Run.swift in Sources */,
				87F5A40A293F2F920029D2D8 /* LaunchView.swift in Sources */,
				87F5A40C293F2FA10029D2D8 /* RunListView.swift in Sources */,
				87F5A408293F2F800029D2D8 /* HomeView.swift in Sources */,
				87F5A3DC293F2F060029D2D8 /* NavigationSpikeApp.swift in Sources */,
			);
			runOnlyForDeploymentPostprocessing = 0;
		};
		87F5A3E4293F2F070029D2D8 /* Sources */ = {
			isa = PBXSourcesBuildPhase;
			buildActionMask = 2147483647;
			files = (
				87F5A3ED293F2F070029D2D8 /* NavigationSpikeTests.swift in Sources */,
			);
			runOnlyForDeploymentPostprocessing = 0;
		};
		87F5A3EE293F2F070029D2D8 /* Sources */ = {
			isa = PBXSourcesBuildPhase;
			buildActionMask = 2147483647;
			files = (
				87F5A3F7293F2F070029D2D8 /* NavigationSpikeUITests.swift in Sources */,
				87F5A3F9293F2F070029D2D8 /* NavigationSpikeUITestsLaunchTests.swift in Sources */,
			);
			runOnlyForDeploymentPostprocessing = 0;
		};
/* End PBXSourcesBuildPhase section */

/* Begin PBXTargetDependency section */
		87F5A3EA293F2F070029D2D8 /* PBXTargetDependency */ = {
			isa = PBXTargetDependency;
			target = 87F5A3D7293F2F060029D2D8 /* NavigationSpike */;
			targetProxy = 87F5A3E9293F2F070029D2D8 /* PBXContainerItemProxy */;
		};
		87F5A3F4293F2F070029D2D8 /* PBXTargetDependency */ = {
			isa = PBXTargetDependency;
			target = 87F5A3D7293F2F060029D2D8 /* NavigationSpike */;
			targetProxy = 87F5A3F3293F2F070029D2D8 /* PBXContainerItemProxy */;
		};
/* End PBXTargetDependency section */

/* Begin XCBuildConfiguration section */
		87F5A3FA293F2F070029D2D8 /* Debug */ = {
			isa = XCBuildConfiguration;
			buildSettings = {
				ALWAYS_SEARCH_USER_PATHS = NO;
				CLANG_ANALYZER_NONNULL = YES;
				CLANG_ANALYZER_NUMBER_OBJECT_CONVERSION = YES_AGGRESSIVE;
				CLANG_CXX_LANGUAGE_STANDARD = "gnu++20";
				CLANG_ENABLE_MODULES = YES;
				CLANG_ENABLE_OBJC_ARC = YES;
				CLANG_ENABLE_OBJC_WEAK = YES;
				CLANG_WARN_BLOCK_CAPTURE_AUTORELEASING = YES;
				CLANG_WARN_BOOL_CONVERSION = YES;
				CLANG_WARN_COMMA = YES;
				CLANG_WARN_CONSTANT_CONVERSION = YES;
				CLANG_WARN_DEPRECATED_OBJC_IMPLEMENTATIONS = YES;
				CLANG_WARN_DIRECT_OBJC_ISA_USAGE = YES_ERROR;
				CLANG_WARN_DOCUMENTATION_COMMENTS = YES;
				CLANG_WARN_EMPTY_BODY = YES;
				CLANG_WARN_ENUM_CONVERSION = YES;
				CLANG_WARN_INFINITE_RECURSION = YES;
				CLANG_WARN_INT_CONVERSION = YES;
				CLANG_WARN_NON_LITERAL_NULL_CONVERSION = YES;
				CLANG_WARN_OBJC_IMPLICIT_RETAIN_SELF = YES;
				CLANG_WARN_OBJC_LITERAL_CONVERSION = YES;
				CLANG_WARN_OBJC_ROOT_CLASS = YES_ERROR;
				CLANG_WARN_QUOTED_INCLUDE_IN_FRAMEWORK_HEADER = YES;
				CLANG_WARN_RANGE_LOOP_ANALYSIS = YES;
				CLANG_WARN_STRICT_PROTOTYPES = YES;
				CLANG_WARN_SUSPICIOUS_MOVE = YES;
				CLANG_WARN_UNGUARDED_AVAILABILITY = YES_AGGRESSIVE;
				CLANG_WARN_UNREACHABLE_CODE = YES;
				CLANG_WARN__DUPLICATE_METHOD_MATCH = YES;
				COPY_PHASE_STRIP = NO;
				DEBUG_INFORMATION_FORMAT = dwarf;
				ENABLE_STRICT_OBJC_MSGSEND = YES;
				ENABLE_TESTABILITY = YES;
				GCC_C_LANGUAGE_STANDARD = gnu11;
				GCC_DYNAMIC_NO_PIC = NO;
				GCC_NO_COMMON_BLOCKS = YES;
				GCC_OPTIMIZATION_LEVEL = 0;
				GCC_PREPROCESSOR_DEFINITIONS = (
					"DEBUG=1",
					"$(inherited)",
				);
				GCC_WARN_64_TO_32_BIT_CONVERSION = YES;
				GCC_WARN_ABOUT_RETURN_TYPE = YES_ERROR;
				GCC_WARN_UNDECLARED_SELECTOR = YES;
				GCC_WARN_UNINITIALIZED_AUTOS = YES_AGGRESSIVE;
				GCC_WARN_UNUSED_FUNCTION = YES;
				GCC_WARN_UNUSED_VARIABLE = YES;
				IPHONEOS_DEPLOYMENT_TARGET = 16.1;
				MTL_ENABLE_DEBUG_INFO = INCLUDE_SOURCE;
				MTL_FAST_MATH = YES;
				ONLY_ACTIVE_ARCH = YES;
				SDKROOT = iphoneos;
				SWIFT_ACTIVE_COMPILATION_CONDITIONS = DEBUG;
				SWIFT_OPTIMIZATION_LEVEL = "-Onone";
			};
			name = Debug;
		};
		87F5A3FB293F2F070029D2D8 /* Release */ = {
			isa = XCBuildConfiguration;
			buildSettings = {
				ALWAYS_SEARCH_USER_PATHS = NO;
				CLANG_ANALYZER_NONNULL = YES;
				CLANG_ANALYZER_NUMBER_OBJECT_CONVERSION = YES_AGGRESSIVE;
				CLANG_CXX_LANGUAGE_STANDARD = "gnu++20";
				CLANG_ENABLE_MODULES = YES;
				CLANG_ENABLE_OBJC_ARC = YES;
				CLANG_ENABLE_OBJC_WEAK = YES;
				CLANG_WARN_BLOCK_CAPTURE_AUTORELEASING = YES;
				CLANG_WARN_BOOL_CONVERSION = YES;
				CLANG_WARN_COMMA = YES;
				CLANG_WARN_CONSTANT_CONVERSION = YES;
				CLANG_WARN_DEPRECATED_OBJC_IMPLEMENTATIONS = YES;
				CLANG_WARN_DIRECT_OBJC_ISA_USAGE = YES_ERROR;
				CLANG_WARN_DOCUMENTATION_COMMENTS = YES;
				CLANG_WARN_EMPTY_BODY = YES;
				CLANG_WARN_ENUM_CONVERSION = YES;
				CLANG_WARN_INFINITE_RECURSION = YES;
				CLANG_WARN_INT_CONVERSION = YES;
				CLANG_WARN_NON_LITERAL_NULL_CONVERSION = YES;
				CLANG_WARN_OBJC_IMPLICIT_RETAIN_SELF = YES;
				CLANG_WARN_OBJC_LITERAL_CONVERSION = YES;
				CLANG_WARN_OBJC_ROOT_CLASS = YES_ERROR;
				CLANG_WARN_QUOTED_INCLUDE_IN_FRAMEWORK_HEADER = YES;
				CLANG_WARN_RANGE_LOOP_ANALYSIS = YES;
				CLANG_WARN_STRICT_PROTOTYPES = YES;
				CLANG_WARN_SUSPICIOUS_MOVE = YES;
				CLANG_WARN_UNGUARDED_AVAILABILITY = YES_AGGRESSIVE;
				CLANG_WARN_UNREACHABLE_CODE = YES;
				CLANG_WARN__DUPLICATE_METHOD_MATCH = YES;
				COPY_PHASE_STRIP = NO;
				DEBUG_INFORMATION_FORMAT = "dwarf-with-dsym";
				ENABLE_NS_ASSERTIONS = NO;
				ENABLE_STRICT_OBJC_MSGSEND = YES;
				GCC_C_LANGUAGE_STANDARD = gnu11;
				GCC_NO_COMMON_BLOCKS = YES;
				GCC_WARN_64_TO_32_BIT_CONVERSION = YES;
				GCC_WARN_ABOUT_RETURN_TYPE = YES_ERROR;
				GCC_WARN_UNDECLARED_SELECTOR = YES;
				GCC_WARN_UNINITIALIZED_AUTOS = YES_AGGRESSIVE;
				GCC_WARN_UNUSED_FUNCTION = YES;
				GCC_WARN_UNUSED_VARIABLE = YES;
				IPHONEOS_DEPLOYMENT_TARGET = 16.1;
				MTL_ENABLE_DEBUG_INFO = NO;
				MTL_FAST_MATH = YES;
				SDKROOT = iphoneos;
				SWIFT_COMPILATION_MODE = wholemodule;
				SWIFT_OPTIMIZATION_LEVEL = "-O";
				VALIDATE_PRODUCT = YES;
			};
			name = Release;
		};
		87F5A3FD293F2F070029D2D8 /* Debug */ = {
			isa = XCBuildConfiguration;
			buildSettings = {
				ASSETCATALOG_COMPILER_APPICON_NAME = AppIcon;
				ASSETCATALOG_COMPILER_GLOBAL_ACCENT_COLOR_NAME = AccentColor;
				CODE_SIGN_STYLE = Automatic;
				CURRENT_PROJECT_VERSION = 1;
				DEVELOPMENT_ASSET_PATHS = "\"NavigationSpike/Preview Content\"";
				ENABLE_PREVIEWS = YES;
				GENERATE_INFOPLIST_FILE = YES;
				INFOPLIST_KEY_UIApplicationSceneManifest_Generation = YES;
				INFOPLIST_KEY_UIApplicationSupportsIndirectInputEvents = YES;
				INFOPLIST_KEY_UILaunchScreen_Generation = YES;
				INFOPLIST_KEY_UISupportedInterfaceOrientations_iPad = "UIInterfaceOrientationPortrait UIInterfaceOrientationPortraitUpsideDown UIInterfaceOrientationLandscapeLeft UIInterfaceOrientationLandscapeRight";
				INFOPLIST_KEY_UISupportedInterfaceOrientations_iPhone = "UIInterfaceOrientationPortrait UIInterfaceOrientationLandscapeLeft UIInterfaceOrientationLandscapeRight";
				LD_RUNPATH_SEARCH_PATHS = (
					"$(inherited)",
					"@executable_path/Frameworks",
				);
				MARKETING_VERSION = 1.0;
				PRODUCT_BUNDLE_IDENTIFIER = stevecotner.NavigationSpike;
				PRODUCT_NAME = "$(TARGET_NAME)";
				SWIFT_EMIT_LOC_STRINGS = YES;
				SWIFT_VERSION = 5.0;
				TARGETED_DEVICE_FAMILY = "1,2";
			};
			name = Debug;
		};
		87F5A3FE293F2F070029D2D8 /* Release */ = {
			isa = XCBuildConfiguration;
			buildSettings = {
				ASSETCATALOG_COMPILER_APPICON_NAME = AppIcon;
				ASSETCATALOG_COMPILER_GLOBAL_ACCENT_COLOR_NAME = AccentColor;
				CODE_SIGN_STYLE = Automatic;
				CURRENT_PROJECT_VERSION = 1;
				DEVELOPMENT_ASSET_PATHS = "\"NavigationSpike/Preview Content\"";
				ENABLE_PREVIEWS = YES;
				GENERATE_INFOPLIST_FILE = YES;
				INFOPLIST_KEY_UIApplicationSceneManifest_Generation = YES;
				INFOPLIST_KEY_UIApplicationSupportsIndirectInputEvents = YES;
				INFOPLIST_KEY_UILaunchScreen_Generation = YES;
				INFOPLIST_KEY_UISupportedInterfaceOrientations_iPad = "UIInterfaceOrientationPortrait UIInterfaceOrientationPortraitUpsideDown UIInterfaceOrientationLandscapeLeft UIInterfaceOrientationLandscapeRight";
				INFOPLIST_KEY_UISupportedInterfaceOrientations_iPhone = "UIInterfaceOrientationPortrait UIInterfaceOrientationLandscapeLeft UIInterfaceOrientationLandscapeRight";
				LD_RUNPATH_SEARCH_PATHS = (
					"$(inherited)",
					"@executable_path/Frameworks",
				);
				MARKETING_VERSION = 1.0;
				PRODUCT_BUNDLE_IDENTIFIER = stevecotner.NavigationSpike;
				PRODUCT_NAME = "$(TARGET_NAME)";
				SWIFT_EMIT_LOC_STRINGS = YES;
				SWIFT_VERSION = 5.0;
				TARGETED_DEVICE_FAMILY = "1,2";
			};
			name = Release;
		};
		87F5A400293F2F070029D2D8 /* Debug */ = {
			isa = XCBuildConfiguration;
			buildSettings = {
				ALWAYS_EMBED_SWIFT_STANDARD_LIBRARIES = YES;
				BUNDLE_LOADER = "$(TEST_HOST)";
				CODE_SIGN_STYLE = Automatic;
				CURRENT_PROJECT_VERSION = 1;
				GENERATE_INFOPLIST_FILE = YES;
				IPHONEOS_DEPLOYMENT_TARGET = 16.1;
				MARKETING_VERSION = 1.0;
				PRODUCT_BUNDLE_IDENTIFIER = stevecotner.NavigationSpikeTests;
				PRODUCT_NAME = "$(TARGET_NAME)";
				SWIFT_EMIT_LOC_STRINGS = NO;
				SWIFT_VERSION = 5.0;
				TARGETED_DEVICE_FAMILY = "1,2";
				TEST_HOST = "$(BUILT_PRODUCTS_DIR)/NavigationSpike.app/$(BUNDLE_EXECUTABLE_FOLDER_PATH)/NavigationSpike";
			};
			name = Debug;
		};
		87F5A401293F2F070029D2D8 /* Release */ = {
			isa = XCBuildConfiguration;
			buildSettings = {
				ALWAYS_EMBED_SWIFT_STANDARD_LIBRARIES = YES;
				BUNDLE_LOADER = "$(TEST_HOST)";
				CODE_SIGN_STYLE = Automatic;
				CURRENT_PROJECT_VERSION = 1;
				GENERATE_INFOPLIST_FILE = YES;
				IPHONEOS_DEPLOYMENT_TARGET = 16.1;
				MARKETING_VERSION = 1.0;
				PRODUCT_BUNDLE_IDENTIFIER = stevecotner.NavigationSpikeTests;
				PRODUCT_NAME = "$(TARGET_NAME)";
				SWIFT_EMIT_LOC_STRINGS = NO;
				SWIFT_VERSION = 5.0;
				TARGETED_DEVICE_FAMILY = "1,2";
				TEST_HOST = "$(BUILT_PRODUCTS_DIR)/NavigationSpike.app/$(BUNDLE_EXECUTABLE_FOLDER_PATH)/NavigationSpike";
			};
			name = Release;
		};
		87F5A403293F2F070029D2D8 /* Debug */ = {
			isa = XCBuildConfiguration;
			buildSettings = {
				ALWAYS_EMBED_SWIFT_STANDARD_LIBRARIES = YES;
				CODE_SIGN_STYLE = Automatic;
				CURRENT_PROJECT_VERSION = 1;
				GENERATE_INFOPLIST_FILE = YES;
				MARKETING_VERSION = 1.0;
				PRODUCT_BUNDLE_IDENTIFIER = stevecotner.NavigationSpikeUITests;
				PRODUCT_NAME = "$(TARGET_NAME)";
				SWIFT_EMIT_LOC_STRINGS = NO;
				SWIFT_VERSION = 5.0;
				TARGETED_DEVICE_FAMILY = "1,2";
				TEST_TARGET_NAME = NavigationSpike;
			};
			name = Debug;
		};
		87F5A404293F2F070029D2D8 /* Release */ = {
			isa = XCBuildConfiguration;
			buildSettings = {
				ALWAYS_EMBED_SWIFT_STANDARD_LIBRARIES = YES;
				CODE_SIGN_STYLE = Automatic;
				CURRENT_PROJECT_VERSION = 1;
				GENERATE_INFOPLIST_FILE = YES;
				MARKETING_VERSION = 1.0;
				PRODUCT_BUNDLE_IDENTIFIER = stevecotner.NavigationSpikeUITests;
				PRODUCT_NAME = "$(TARGET_NAME)";
				SWIFT_EMIT_LOC_STRINGS = NO;
				SWIFT_VERSION = 5.0;
				TARGETED_DEVICE_FAMILY = "1,2";
				TEST_TARGET_NAME = NavigationSpike;
			};
			name = Release;
		};
/* End XCBuildConfiguration section */

/* Begin XCConfigurationList section */
		87F5A3D3293F2F060029D2D8 /* Build configuration list for PBXProject "NavigationSpike" */ = {
			isa = XCConfigurationList;
			buildConfigurations = (
				87F5A3FA293F2F070029D2D8 /* Debug */,
				87F5A3FB293F2F070029D2D8 /* Release */,
			);
			defaultConfigurationIsVisible = 0;
			defaultConfigurationName = Release;
		};
		87F5A3FC293F2F070029D2D8 /* Build configuration list for PBXNativeTarget "NavigationSpike" */ = {
			isa = XCConfigurationList;
			buildConfigurations = (
				87F5A3FD293F2F070029D2D8 /* Debug */,
				87F5A3FE293F2F070029D2D8 /* Release */,
			);
			defaultConfigurationIsVisible = 0;
			defaultConfigurationName = Release;
		};
		87F5A3FF293F2F070029D2D8 /* Build configuration list for PBXNativeTarget "NavigationSpikeTests" */ = {
			isa = XCConfigurationList;
			buildConfigurations = (
				87F5A400293F2F070029D2D8 /* Debug */,
				87F5A401293F2F070029D2D8 /* Release */,
			);
			defaultConfigurationIsVisible = 0;
			defaultConfigurationName = Release;
		};
		87F5A402293F2F070029D2D8 /* Build configuration list for PBXNativeTarget "NavigationSpikeUITests" */ = {
			isa = XCConfigurationList;
			buildConfigurations = (
				87F5A403293F2F070029D2D8 /* Debug */,
				87F5A404293F2F070029D2D8 /* Release */,
			);
			defaultConfigurationIsVisible = 0;
			defaultConfigurationName = Release;
		};
/* End XCConfigurationList section */
	};
	rootObject = 87F5A3D0293F2F060029D2D8 /* Project object */;
}
